
Microsoft Visual Studio Solution File, Format Version 12.00
# Visual Studio Version 16
VisualStudioVersion = 16.0.31229.75
MinimumVisualStudioVersion = 10.0.40219.1
Project("{2150E333-8FDC-42A3-9474-1A3956D46DE8}") = "Services", "Services", "{C24CB116-B22A-4F2B-A1D4-EAAF13F14A67}"
EndProject
Project("{2150E333-8FDC-42A3-9474-1A3956D46DE8}") = "Catalog", "Catalog", "{CA08094D-B3DD-4326-8AD4-F2C6AECF124D}"
EndProject
Project("{9A19103F-16F7-4668-BE54-9A1E7A4F7556}") = "Catalog.API", "Services\Catalog\Catalog.API\Catalog.API.csproj", "{388DBA40-C732-489B-90D5-661E60FAE8A0}"
EndProject
Project("{E53339B2-1760-4266-BCC7-CA923CBCF16C}") = "docker-compose", "docker-compose.dcproj", "{F4481EE9-A8B2-4CC1-9A7B-302326AC7F73}"
EndProject
Project("{2150E333-8FDC-42A3-9474-1A3956D46DE8}") = "Basket", "Basket", "{55193305-CF4C-4AE5-BBDC-2601E321AC4C}"
EndProject
Project("{9A19103F-16F7-4668-BE54-9A1E7A4F7556}") = "Basket.API", "Services\Basket\Basket.API\Basket.API.csproj", "{C0B1F7C3-DDF7-42AC-B10A-2A457D12ECA7}"
EndProject
Project("{2150E333-8FDC-42A3-9474-1A3956D46DE8}") = "Discount", "Discount", "{0787D5B0-2FD8-4B72-BF34-FA29FFFCA02B}"
EndProject
Project("{9A19103F-16F7-4668-BE54-9A1E7A4F7556}") = "Discount.API", "Services\Discount\Discount.API\Discount.API.csproj", "{C7A34592-5439-41BA-8AFB-4E4EC0F963B8}"
EndProject
Project("{9A19103F-16F7-4668-BE54-9A1E7A4F7556}") = "Discount.Grpc", "Services\Discount\Discount.Grpc\Discount.Grpc.csproj", "{AD45B718-C332-4F26-BF80-11EF2CF42964}"
EndProject
Project("{2150E333-8FDC-42A3-9474-1A3956D46DE8}") = "Ordering", "Ordering", "{12F39486-9D4F-41B9-B94F-838BDCA65FAE}"
EndProject
Project("{9A19103F-16F7-4668-BE54-9A1E7A4F7556}") = "Ordering.API", "Services\Ordering\Ordering.API\Ordering.API.csproj", "{526B58C2-6003-4F14-B6F0-89E5E82CDAB6}"
EndProject
Project("{9A19103F-16F7-4668-BE54-9A1E7A4F7556}") = "Ordering.Domain", "Services\Ordering\Ordering.Domain\Ordering.Domain.csproj", "{A5A90563-9E23-44F1-B2D7-62A9A9F11960}"
EndProject
Project("{9A19103F-16F7-4668-BE54-9A1E7A4F7556}") = "Ordering.Application", "Services\Ordering\Ordering.Application\Ordering.Application.csproj", "{EA995490-82B6-4C9E-890D-188498F85A75}"
EndProject
Project("{9A19103F-16F7-4668-BE54-9A1E7A4F7556}") = "Ordering.Infrastructure", "Services\Ordering\Ordering.Infrastructure\Ordering.Infrastructure.csproj", "{FE194EC3-766A-4071-9936-C2F34A6C296E}"
EndProject
Project("{2150E333-8FDC-42A3-9474-1A3956D46DE8}") = "BuildingBlocks", "BuildingBlocks", "{CCC1C1A9-470E-483D-BE33-12327137BF13}"
EndProject
Project("{FAE04EC0-301F-11D3-BF4B-00C04F79EFBC}") = "EventBus.Messages", "BuildingBlocks\EventBus.Messages\EventBus.Messages.csproj", "{76EF7015-419D-425D-9926-C6BC19485EE0}"
EndProject
Global
	GlobalSection(SolutionConfigurationPlatforms) = preSolution
		Debug|Any CPU = Debug|Any CPU
		Release|Any CPU = Release|Any CPU
	EndGlobalSection
	GlobalSection(ProjectConfigurationPlatforms) = postSolution
		{388DBA40-C732-489B-90D5-661E60FAE8A0}.Debug|Any CPU.ActiveCfg = Debug|Any CPU
		{388DBA40-C732-489B-90D5-661E60FAE8A0}.Debug|Any CPU.Build.0 = Debug|Any CPU
		{388DBA40-C732-489B-90D5-661E60FAE8A0}.Release|Any CPU.ActiveCfg = Release|Any CPU
		{388DBA40-C732-489B-90D5-661E60FAE8A0}.Release|Any CPU.Build.0 = Release|Any CPU
		{F4481EE9-A8B2-4CC1-9A7B-302326AC7F73}.Debug|Any CPU.ActiveCfg = Debug|Any CPU
		{F4481EE9-A8B2-4CC1-9A7B-302326AC7F73}.Debug|Any CPU.Build.0 = Debug|Any CPU
		{F4481EE9-A8B2-4CC1-9A7B-302326AC7F73}.Release|Any CPU.ActiveCfg = Release|Any CPU
		{F4481EE9-A8B2-4CC1-9A7B-302326AC7F73}.Release|Any CPU.Build.0 = Release|Any CPU
		{C0B1F7C3-DDF7-42AC-B10A-2A457D12ECA7}.Debug|Any CPU.ActiveCfg = Debug|Any CPU
		{C0B1F7C3-DDF7-42AC-B10A-2A457D12ECA7}.Debug|Any CPU.Build.0 = Debug|Any CPU
		{C0B1F7C3-DDF7-42AC-B10A-2A457D12ECA7}.Release|Any CPU.ActiveCfg = Release|Any CPU
		{C0B1F7C3-DDF7-42AC-B10A-2A457D12ECA7}.Release|Any CPU.Build.0 = Release|Any CPU
		{C7A34592-5439-41BA-8AFB-4E4EC0F963B8}.Debug|Any CPU.ActiveCfg = Debug|Any CPU
		{C7A34592-5439-41BA-8AFB-4E4EC0F963B8}.Debug|Any CPU.Build.0 = Debug|Any CPU
		{C7A34592-5439-41BA-8AFB-4E4EC0F963B8}.Release|Any CPU.ActiveCfg = Release|Any CPU
		{C7A34592-5439-41BA-8AFB-4E4EC0F963B8}.Release|Any CPU.Build.0 = Release|Any CPU
		{AD45B718-C332-4F26-BF80-11EF2CF42964}.Debug|Any CPU.ActiveCfg = Debug|Any CPU
		{AD45B718-C332-4F26-BF80-11EF2CF42964}.Debug|Any CPU.Build.0 = Debug|Any CPU
		{AD45B718-C332-4F26-BF80-11EF2CF42964}.Release|Any CPU.ActiveCfg = Release|Any CPU
		{AD45B718-C332-4F26-BF80-11EF2CF42964}.Release|Any CPU.Build.0 = Release|Any CPU
		{526B58C2-6003-4F14-B6F0-89E5E82CDAB6}.Debug|Any CPU.ActiveCfg = Debug|Any CPU
		{526B58C2-6003-4F14-B6F0-89E5E82CDAB6}.Debug|Any CPU.Build.0 = Debug|Any CPU
		{526B58C2-6003-4F14-B6F0-89E5E82CDAB6}.Release|Any CPU.ActiveCfg = Release|Any CPU
		{526B58C2-6003-4F14-B6F0-89E5E82CDAB6}.Release|Any CPU.Build.0 = Release|Any CPU
		{A5A90563-9E23-44F1-B2D7-62A9A9F11960}.Debug|Any CPU.ActiveCfg = Debug|Any CPU
		{A5A90563-9E23-44F1-B2D7-62A9A9F11960}.Debug|Any CPU.Build.0 = Debug|Any CPU
		{A5A90563-9E23-44F1-B2D7-62A9A9F11960}.Release|Any CPU.ActiveCfg = Release|Any CPU
		{A5A90563-9E23-44F1-B2D7-62A9A9F11960}.Release|Any CPU.Build.0 = Release|Any CPU
		{EA995490-82B6-4C9E-890D-188498F85A75}.Debug|Any CPU.ActiveCfg = Debug|Any CPU
		{EA995490-82B6-4C9E-890D-188498F85A75}.Debug|Any CPU.Build.0 = Debug|Any CPU
		{EA995490-82B6-4C9E-890D-188498F85A75}.Release|Any CPU.ActiveCfg = Release|Any CPU
		{EA995490-82B6-4C9E-890D-188498F85A75}.Release|Any CPU.Build.0 = Release|Any CPU
		{FE194EC3-766A-4071-9936-C2F34A6C296E}.Debug|Any CPU.ActiveCfg = Debug|Any CPU
		{FE194EC3-766A-4071-9936-C2F34A6C296E}.Debug|Any CPU.Build.0 = Debug|Any CPU
		{FE194EC3-766A-4071-9936-C2F34A6C296E}.Release|Any CPU.ActiveCfg = Release|Any CPU
		{FE194EC3-766A-4071-9936-C2F34A6C296E}.Release|Any CPU.Build.0 = Release|Any CPU
		{76EF7015-419D-425D-9926-C6BC19485EE0}.Debug|Any CPU.ActiveCfg = Debug|Any CPU
		{76EF7015-419D-425D-9926-C6BC19485EE0}.Debug|Any CPU.Build.0 = Debug|Any CPU
		{76EF7015-419D-425D-9926-C6BC19485EE0}.Release|Any CPU.ActiveCfg = Release|Any CPU
		{76EF7015-419D-425D-9926-C6BC19485EE0}.Release|Any CPU.Build.0 = Release|Any CPU
	EndGlobalSection
	GlobalSection(SolutionProperties) = preSolution
		HideSolutionNode = FALSE
	EndGlobalSection
	GlobalSection(NestedProjects) = preSolution
		{CA08094D-B3DD-4326-8AD4-F2C6AECF124D} = {C24CB116-B22A-4F2B-A1D4-EAAF13F14A67}
		{388DBA40-C732-489B-90D5-661E60FAE8A0} = {CA08094D-B3DD-4326-8AD4-F2C6AECF124D}
		{55193305-CF4C-4AE5-BBDC-2601E321AC4C} = {C24CB116-B22A-4F2B-A1D4-EAAF13F14A67}
		{C0B1F7C3-DDF7-42AC-B10A-2A457D12ECA7} = {55193305-CF4C-4AE5-BBDC-2601E321AC4C}
		{0787D5B0-2FD8-4B72-BF34-FA29FFFCA02B} = {C24CB116-B22A-4F2B-A1D4-EAAF13F14A67}
		{C7A34592-5439-41BA-8AFB-4E4EC0F963B8} = {0787D5B0-2FD8-4B72-BF34-FA29FFFCA02B}
		{AD45B718-C332-4F26-BF80-11EF2CF42964} = {0787D5B0-2FD8-4B72-BF34-FA29FFFCA02B}
		{12F39486-9D4F-41B9-B94F-838BDCA65FAE} = {C24CB116-B22A-4F2B-A1D4-EAAF13F14A67}
		{526B58C2-6003-4F14-B6F0-89E5E82CDAB6} = {12F39486-9D4F-41B9-B94F-838BDCA65FAE}
		{A5A90563-9E23-44F1-B2D7-62A9A9F11960} = {12F39486-9D4F-41B9-B94F-838BDCA65FAE}
		{EA995490-82B6-4C9E-890D-188498F85A75} = {12F39486-9D4F-41B9-B94F-838BDCA65FAE}
		{FE194EC3-766A-4071-9936-C2F34A6C296E} = {12F39486-9D4F-41B9-B94F-838BDCA65FAE}
		{76EF7015-419D-425D-9926-C6BC19485EE0} = {CCC1C1A9-470E-483D-BE33-12327137BF13}
	EndGlobalSection
	GlobalSection(ExtensibilityGlobals) = postSolution
		SolutionGuid = {577176CF-0365-49E2-9B73-D5AE8FD5DF4D}
	EndGlobalSection
EndGlobal
